
Microsoft Visual Studio Solution File, Format Version 12.00
# Visual Studio 15
VisualStudioVersion = 15.0.26228.10
MinimumVisualStudioVersion = 10.0.40219.1
Project("{FAE04EC0-301F-11D3-BF4B-00C04F79EFBC}") = "DataLayerTestConsoleApp", "DataLayerTestConsoleApp\DataLayerTestConsoleApp.csproj", "{6FC6E7E9-4262-494F-9784-8B204D06A4AA}"
EndProject
Project("{FAE04EC0-301F-11D3-BF4B-00C04F79EFBC}") = "TypedDataLayer", "TypedDataLayer\TypedDataLayer.csproj", "{BDC551C5-8840-4C4F-88DA-093AEB6EF611}"
EndProject
Project("{FAE04EC0-301F-11D3-BF4B-00C04F79EFBC}") = "CommandRunner", "CommandRunner\CommandRunner.csproj", "{A81039DF-DEF4-40B8-A770-6DD3450E0961}"
EndProject
Project("{FAE04EC0-301F-11D3-BF4B-00C04F79EFBC}") = "DataLayerTestMvcApp", "DataLayerTestMvcApp\DataLayerTestMvcApp.csproj", "{B2352AB5-FDB8-4974-8D35-9F1BFABFCAA8}"
EndProject
Global
	GlobalSection(SolutionConfigurationPlatforms) = preSolution
		Debug|Any CPU = Debug|Any CPU
		Debug-TypedDataLayer|Any CPU = Debug-TypedDataLayer|Any CPU
		Release|Any CPU = Release|Any CPU
	EndGlobalSection
	GlobalSection(ProjectConfigurationPlatforms) = postSolution
		{6FC6E7E9-4262-494F-9784-8B204D06A4AA}.Debug|Any CPU.ActiveCfg = Debug|Any CPU
		{6FC6E7E9-4262-494F-9784-8B204D06A4AA}.Debug|Any CPU.Build.0 = Debug|Any CPU
		{6FC6E7E9-4262-494F-9784-8B204D06A4AA}.Debug-TypedDataLayer|Any CPU.ActiveCfg = Debug-TypedDataLayer|Any CPU
		{6FC6E7E9-4262-494F-9784-8B204D06A4AA}.Release|Any CPU.ActiveCfg = Release|Any CPU
		{6FC6E7E9-4262-494F-9784-8B204D06A4AA}.Release|Any CPU.Build.0 = Release|Any CPU
		{BDC551C5-8840-4C4F-88DA-093AEB6EF611}.Debug|Any CPU.ActiveCfg = Debug|Any CPU
		{BDC551C5-8840-4C4F-88DA-093AEB6EF611}.Debug|Any CPU.Build.0 = Debug|Any CPU
		{BDC551C5-8840-4C4F-88DA-093AEB6EF611}.Debug-TypedDataLayer|Any CPU.ActiveCfg = Debug|Any CPU
		{BDC551C5-8840-4C4F-88DA-093AEB6EF611}.Debug-TypedDataLayer|Any CPU.Build.0 = Debug|Any CPU
		{BDC551C5-8840-4C4F-88DA-093AEB6EF611}.Release|Any CPU.ActiveCfg = Release|Any CPU
		{BDC551C5-8840-4C4F-88DA-093AEB6EF611}.Release|Any CPU.Build.0 = Release|Any CPU
		{A81039DF-DEF4-40B8-A770-6DD3450E0961}.Debug|Any CPU.ActiveCfg = Debug|Any CPU
		{A81039DF-DEF4-40B8-A770-6DD3450E0961}.Debug|Any CPU.Build.0 = Debug|Any CPU
		{A81039DF-DEF4-40B8-A770-6DD3450E0961}.Debug-TypedDataLayer|Any CPU.ActiveCfg = Debug-TypedDataLayer|Any CPU
		{A81039DF-DEF4-40B8-A770-6DD3450E0961}.Debug-TypedDataLayer|Any CPU.Build.0 = Debug-TypedDataLayer|Any CPU
		{A81039DF-DEF4-40B8-A770-6DD3450E0961}.Release|Any CPU.ActiveCfg = Release|Any CPU
		{A81039DF-DEF4-40B8-A770-6DD3450E0961}.Release|Any CPU.Build.0 = Release|Any CPU
		{B2352AB5-FDB8-4974-8D35-9F1BFABFCAA8}.Debug|Any CPU.ActiveCfg = Debug|Any CPU
		{B2352AB5-FDB8-4974-8D35-9F1BFABFCAA8}.Debug|Any CPU.Build.0 = Debug|Any CPU
		{B2352AB5-FDB8-4974-8D35-9F1BFABFCAA8}.Debug-TypedDataLayer|Any CPU.ActiveCfg = Debug|Any CPU
		{B2352AB5-FDB8-4974-8D35-9F1BFABFCAA8}.Release|Any CPU.ActiveCfg = Release|Any CPU
		{B2352AB5-FDB8-4974-8D35-9F1BFABFCAA8}.Release|Any CPU.Build.0 = Release|Any CPU
	EndGlobalSection
	GlobalSection(SolutionProperties) = preSolution
		HideSolutionNode = FALSE
	EndGlobalSection
EndGlobal
