
Microsoft Visual Studio Solution File, Format Version 12.00
# Visual Studio Version 16
VisualStudioVersion = 16.0.28803.156
MinimumVisualStudioVersion = 10.0.40219.1
Project("{FAE04EC0-301F-11D3-BF4B-00C04F79EFBC}") = "TypedDataLayer", "TypedDataLayer\TypedDataLayer.csproj", "{BDC551C5-8840-4C4F-88DA-093AEB6EF611}"
EndProject
Project("{FAE04EC0-301F-11D3-BF4B-00C04F79EFBC}") = "CommandRunner", "CommandRunner\CommandRunner.csproj", "{A81039DF-DEF4-40B8-A770-6DD3450E0961}"
EndProject
Global
	GlobalSection(SolutionConfigurationPlatforms) = preSolution
		Debug|Any CPU = Debug|Any CPU
		Debug-TypedDataLayer|Any CPU = Debug-TypedDataLayer|Any CPU
		Release|Any CPU = Release|Any CPU
	EndGlobalSection
	GlobalSection(ProjectConfigurationPlatforms) = postSolution
		{BDC551C5-8840-4C4F-88DA-093AEB6EF611}.Debug|Any CPU.ActiveCfg = Debug|Any CPU
		{BDC551C5-8840-4C4F-88DA-093AEB6EF611}.Debug|Any CPU.Build.0 = Debug|Any CPU
		{BDC551C5-8840-4C4F-88DA-093AEB6EF611}.Debug-TypedDataLayer|Any CPU.ActiveCfg = Debug|Any CPU
		{BDC551C5-8840-4C4F-88DA-093AEB6EF611}.Debug-TypedDataLayer|Any CPU.Build.0 = Debug|Any CPU
		{BDC551C5-8840-4C4F-88DA-093AEB6EF611}.Release|Any CPU.ActiveCfg = Release|Any CPU
		{BDC551C5-8840-4C4F-88DA-093AEB6EF611}.Release|Any CPU.Build.0 = Release|Any CPU
		{A81039DF-DEF4-40B8-A770-6DD3450E0961}.Debug|Any CPU.ActiveCfg = Debug|Any CPU
		{A81039DF-DEF4-40B8-A770-6DD3450E0961}.Debug|Any CPU.Build.0 = Debug|Any CPU
		{A81039DF-DEF4-40B8-A770-6DD3450E0961}.Debug-TypedDataLayer|Any CPU.ActiveCfg = Debug-TypedDataLayer|Any CPU
		{A81039DF-DEF4-40B8-A770-6DD3450E0961}.Debug-TypedDataLayer|Any CPU.Build.0 = Debug-TypedDataLayer|Any CPU
		{A81039DF-DEF4-40B8-A770-6DD3450E0961}.Release|Any CPU.ActiveCfg = Release|Any CPU
		{A81039DF-DEF4-40B8-A770-6DD3450E0961}.Release|Any CPU.Build.0 = Release|Any CPU
	EndGlobalSection
	GlobalSection(SolutionProperties) = preSolution
		HideSolutionNode = FALSE
	EndGlobalSection
	GlobalSection(ExtensibilityGlobals) = postSolution
		SolutionGuid = {3E4A2F63-7601-483C-86AE-805182551A8B}
	EndGlobalSection
EndGlobal
